// !$*UTF8*$!
{
	archiveVersion = 1;
	classes = {
	};
	objectVersion = 56;
	objects = {

/* Begin PBXBuildFile section */
		FF105B872CBEF780007E9C1E /* GeneralRepository.swift in Sources */ = {isa = PBXBuildFile; fileRef = FF105B862CBEF780007E9C1E /* GeneralRepository.swift */; };
		FF2BE6F42D8A179300ED8FB4 /* RectangleEntity.swift in Sources */ = {isa = PBXBuildFile; fileRef = FF2BE6F32D8A179300ED8FB4 /* RectangleEntity.swift */; };
		FF83512D2D4F77FB002E64D2 /* PhotoLoader.swift in Sources */ = {isa = PBXBuildFile; fileRef = FF83512C2D4F77FB002E64D2 /* PhotoLoader.swift */; };
		FF83512F2D4F7839002E64D2 /* LoadFile.swift in Sources */ = {isa = PBXBuildFile; fileRef = FF83512E2D4F7839002E64D2 /* LoadFile.swift */; };
		FF8351312D4F78B0002E64D2 /* TakePhoto.swift in Sources */ = {isa = PBXBuildFile; fileRef = FF8351302D4F78B0002E64D2 /* TakePhoto.swift */; };
		FF83513B2D5654AB002E64D2 /* ProjectModel.xcdatamodeld in Sources */ = {isa = PBXBuildFile; fileRef = FF8351392D5654AB002E64D2 /* ProjectModel.xcdatamodeld */; };
		FF83513E2D5655BE002E64D2 /* CoreDataManager.swift in Sources */ = {isa = PBXBuildFile; fileRef = FF83513D2D5655BE002E64D2 /* CoreDataManager.swift */; };
		FF8351402D565908002E64D2 /* ProjectEntity.swift in Sources */ = {isa = PBXBuildFile; fileRef = FF83513F2D565908002E64D2 /* ProjectEntity.swift */; };
		FF8351422D56596E002E64D2 /* ProjectEntity+CoreDataProperties.swift in Sources */ = {isa = PBXBuildFile; fileRef = FF8351412D56596E002E64D2 /* ProjectEntity+CoreDataProperties.swift */; };
		FF86A1982D81CC9C00FB9FD6 /* PointEntity.swift in Sources */ = {isa = PBXBuildFile; fileRef = FF86A1972D81CC9C00FB9FD6 /* PointEntity.swift */; };
		FF86A19A2D8430C800FB9FD6 /* PolylineEntity.swift in Sources */ = {isa = PBXBuildFile; fileRef = FF86A1992D8430C800FB9FD6 /* PolylineEntity.swift */; };
		FF86A19C2D843E1600FB9FD6 /* TextEntity.swift in Sources */ = {isa = PBXBuildFile; fileRef = FF86A19B2D843E1500FB9FD6 /* TextEntity.swift */; };
		FF86A19E2D849C7000FB9FD6 /* LayerEntity.swift in Sources */ = {isa = PBXBuildFile; fileRef = FF86A19D2D849C7000FB9FD6 /* LayerEntity.swift */; };
		FF86A1A02D84ACFD00FB9FD6 /* AddLayerViewController.swift in Sources */ = {isa = PBXBuildFile; fileRef = FF86A19F2D84ACFD00FB9FD6 /* AddLayerViewController.swift */; };
		FF994F7F2C9B55E10027A6D3 /* BuildingSurveyApp.swift in Sources */ = {isa = PBXBuildFile; fileRef = FF994F7E2C9B55E10027A6D3 /* BuildingSurveyApp.swift */; };
		FF994F812C9B55E10027A6D3 /* ContentView.swift in Sources */ = {isa = PBXBuildFile; fileRef = FF994F802C9B55E10027A6D3 /* ContentView.swift */; };
		FF994F832C9B55E30027A6D3 /* Assets.xcassets in Resources */ = {isa = PBXBuildFile; fileRef = FF994F822C9B55E30027A6D3 /* Assets.xcassets */; };
		FF994F862C9B55E30027A6D3 /* Preview Assets.xcassets in Resources */ = {isa = PBXBuildFile; fileRef = FF994F852C9B55E30027A6D3 /* Preview Assets.xcassets */; };
		FF994F902C9B55E30027A6D3 /* BuildingSurveyTests.swift in Sources */ = {isa = PBXBuildFile; fileRef = FF994F8F2C9B55E30027A6D3 /* BuildingSurveyTests.swift */; };
		FF994F9A2C9B55E30027A6D3 /* BuildingSurveyUITests.swift in Sources */ = {isa = PBXBuildFile; fileRef = FF994F992C9B55E30027A6D3 /* BuildingSurveyUITests.swift */; };
		FF994F9C2C9B55E30027A6D3 /* BuildingSurveyUITestsLaunchTests.swift in Sources */ = {isa = PBXBuildFile; fileRef = FF994F9B2C9B55E30027A6D3 /* BuildingSurveyUITestsLaunchTests.swift */; };
		FF994FA92CAAF8D70027A6D3 /* LoginView.swift in Sources */ = {isa = PBXBuildFile; fileRef = FF994FA82CAAF8D70027A6D3 /* LoginView.swift */; };
		FF994FAB2CAAF9B70027A6D3 /* ProjectListView.swift in Sources */ = {isa = PBXBuildFile; fileRef = FF994FAA2CAAF9B70027A6D3 /* ProjectListView.swift */; };
		FF994FAD2CAAF9DF0027A6D3 /* CreateProjectView.swift in Sources */ = {isa = PBXBuildFile; fileRef = FF994FAC2CAAF9DF0027A6D3 /* CreateProjectView.swift */; };
		FF994FAF2CAAFA140027A6D3 /* ProjectListViewModel.swift in Sources */ = {isa = PBXBuildFile; fileRef = FF994FAE2CAAFA140027A6D3 /* ProjectListViewModel.swift */; };
		FF994FB12CAAFA380027A6D3 /* CreateProjectViewModel.swift in Sources */ = {isa = PBXBuildFile; fileRef = FF994FB02CAAFA380027A6D3 /* CreateProjectViewModel.swift */; };
		FF994FB32CAAFA5F0027A6D3 /* Project.swift in Sources */ = {isa = PBXBuildFile; fileRef = FF994FB22CAAFA5F0027A6D3 /* Project.swift */; };
		FFCC17D62D58F62300BF061B /* DrawingListView.swift in Sources */ = {isa = PBXBuildFile; fileRef = FFCC17D52D58F62300BF061B /* DrawingListView.swift */; };
		FFCC17D82D58F63900BF061B /* DrawingListViewModel.swift in Sources */ = {isa = PBXBuildFile; fileRef = FFCC17D72D58F63900BF061B /* DrawingListViewModel.swift */; };
		FFCC17DA2D59108900BF061B /* AddDrawingView.swift in Sources */ = {isa = PBXBuildFile; fileRef = FFCC17D92D59108900BF061B /* AddDrawingView.swift */; };
		FFCC17DC2D59127F00BF061B /* AddDrawingViewModel.swift in Sources */ = {isa = PBXBuildFile; fileRef = FFCC17DB2D59127F00BF061B /* AddDrawingViewModel.swift */; };
		FFCC17DE2D5916E900BF061B /* LoadPDF.swift in Sources */ = {isa = PBXBuildFile; fileRef = FFCC17DD2D5916E900BF061B /* LoadPDF.swift */; };
		FFCC17E62D60CD6F00BF061B /* Drawing.swift in Sources */ = {isa = PBXBuildFile; fileRef = FFCC17E52D60CD6F00BF061B /* Drawing.swift */; };
		FFCC17E82D60CF5500BF061B /* DrawingEntity.swift in Sources */ = {isa = PBXBuildFile; fileRef = FFCC17E72D60CF5500BF061B /* DrawingEntity.swift */; };
		FFCC17EA2D60D32500BF061B /* DrawingEntity+CoreDataProperties.swift in Sources */ = {isa = PBXBuildFile; fileRef = FFCC17E92D60D32500BF061B /* DrawingEntity+CoreDataProperties.swift */; };
		FFCC17F02D660DA700BF061B /* PDFViewer.swift in Sources */ = {isa = PBXBuildFile; fileRef = FFCC17EF2D660DA700BF061B /* PDFViewer.swift */; };
		FFFCDA5D2D68B79500681B3B /* DrawingViewModel.swift in Sources */ = {isa = PBXBuildFile; fileRef = FFFCDA5C2D68B79500681B3B /* DrawingViewModel.swift */; };
		FFFCDA6B2D78C03400681B3B /* LineEntity+CoreDataProperties.swift in Sources */ = {isa = PBXBuildFile; fileRef = FFFCDA6A2D78C03400681B3B /* LineEntity+CoreDataProperties.swift */; };
		FFFCDA6D2D78C08100681B3B /* LineEntity.swift in Sources */ = {isa = PBXBuildFile; fileRef = FFFCDA6C2D78C08100681B3B /* LineEntity.swift */; };
		FFFCDA6F2D78C34500681B3B /* DrawingView.swift in Sources */ = {isa = PBXBuildFile; fileRef = FFFCDA6E2D78C34500681B3B /* DrawingView.swift */; };
		FFFCDA712D78C6A900681B3B /* PDFViewController.swift in Sources */ = {isa = PBXBuildFile; fileRef = FFFCDA702D78C6A900681B3B /* PDFViewController.swift */; };
		FFFCDA732D78CFCD00681B3B /* Line.swift in Sources */ = {isa = PBXBuildFile; fileRef = FFFCDA722D78CFCD00681B3B /* Line.swift */; };
		FFFCDA772D7B3D6800681B3B /* PhotoEntity.swift in Sources */ = {isa = PBXBuildFile; fileRef = FFFCDA762D7B3D6800681B3B /* PhotoEntity.swift */; };
/* End PBXBuildFile section */

/* Begin PBXContainerItemProxy section */
		FF994F8C2C9B55E30027A6D3 /* PBXContainerItemProxy */ = {
			isa = PBXContainerItemProxy;
			containerPortal = FF994F732C9B55E10027A6D3 /* Project object */;
			proxyType = 1;
			remoteGlobalIDString = FF994F7A2C9B55E10027A6D3;
			remoteInfo = BuildingSurvey;
		};
		FF994F962C9B55E30027A6D3 /* PBXContainerItemProxy */ = {
			isa = PBXContainerItemProxy;
			containerPortal = FF994F732C9B55E10027A6D3 /* Project object */;
			proxyType = 1;
			remoteGlobalIDString = FF994F7A2C9B55E10027A6D3;
			remoteInfo = BuildingSurvey;
		};
/* End PBXContainerItemProxy section */

/* Begin PBXFileReference section */
		FF105B862CBEF780007E9C1E /* GeneralRepository.swift */ = {isa = PBXFileReference; lastKnownFileType = sourcecode.swift; path = GeneralRepository.swift; sourceTree = "<group>"; };
		FF2BE6F32D8A179300ED8FB4 /* RectangleEntity.swift */ = {isa = PBXFileReference; lastKnownFileType = sourcecode.swift; path = RectangleEntity.swift; sourceTree = "<group>"; };
		FF83512C2D4F77FB002E64D2 /* PhotoLoader.swift */ = {isa = PBXFileReference; lastKnownFileType = sourcecode.swift; path = PhotoLoader.swift; sourceTree = "<group>"; };
		FF83512E2D4F7839002E64D2 /* LoadFile.swift */ = {isa = PBXFileReference; lastKnownFileType = sourcecode.swift; path = LoadFile.swift; sourceTree = "<group>"; };
		FF8351302D4F78B0002E64D2 /* TakePhoto.swift */ = {isa = PBXFileReference; lastKnownFileType = sourcecode.swift; path = TakePhoto.swift; sourceTree = "<group>"; };
		FF8351382D4F9D51002E64D2 /* Info.plist */ = {isa = PBXFileReference; lastKnownFileType = text.plist.xml; path = Info.plist; sourceTree = "<group>"; };
		FF83513A2D5654AB002E64D2 /* ProjectModel.xcdatamodel */ = {isa = PBXFileReference; lastKnownFileType = wrapper.xcdatamodel; path = ProjectModel.xcdatamodel; sourceTree = "<group>"; };
		FF83513D2D5655BE002E64D2 /* CoreDataManager.swift */ = {isa = PBXFileReference; lastKnownFileType = sourcecode.swift; path = CoreDataManager.swift; sourceTree = "<group>"; };
		FF83513F2D565908002E64D2 /* ProjectEntity.swift */ = {isa = PBXFileReference; lastKnownFileType = sourcecode.swift; path = ProjectEntity.swift; sourceTree = "<group>"; };
		FF8351412D56596E002E64D2 /* ProjectEntity+CoreDataProperties.swift */ = {isa = PBXFileReference; lastKnownFileType = sourcecode.swift; path = "ProjectEntity+CoreDataProperties.swift"; sourceTree = "<group>"; };
		FF86A1972D81CC9C00FB9FD6 /* PointEntity.swift */ = {isa = PBXFileReference; lastKnownFileType = sourcecode.swift; path = PointEntity.swift; sourceTree = "<group>"; };
		FF86A1992D8430C800FB9FD6 /* PolylineEntity.swift */ = {isa = PBXFileReference; lastKnownFileType = sourcecode.swift; path = PolylineEntity.swift; sourceTree = "<group>"; };
		FF86A19B2D843E1500FB9FD6 /* TextEntity.swift */ = {isa = PBXFileReference; lastKnownFileType = sourcecode.swift; path = TextEntity.swift; sourceTree = "<group>"; };
		FF86A19D2D849C7000FB9FD6 /* LayerEntity.swift */ = {isa = PBXFileReference; lastKnownFileType = sourcecode.swift; path = LayerEntity.swift; sourceTree = "<group>"; };
		FF86A19F2D84ACFD00FB9FD6 /* AddLayerViewController.swift */ = {isa = PBXFileReference; lastKnownFileType = sourcecode.swift; path = AddLayerViewController.swift; sourceTree = "<group>"; };
		FF994F7B2C9B55E10027A6D3 /* BuildingSurvey.app */ = {isa = PBXFileReference; explicitFileType = wrapper.application; includeInIndex = 0; path = BuildingSurvey.app; sourceTree = BUILT_PRODUCTS_DIR; };
		FF994F7E2C9B55E10027A6D3 /* BuildingSurveyApp.swift */ = {isa = PBXFileReference; lastKnownFileType = sourcecode.swift; path = BuildingSurveyApp.swift; sourceTree = "<group>"; };
		FF994F802C9B55E10027A6D3 /* ContentView.swift */ = {isa = PBXFileReference; lastKnownFileType = sourcecode.swift; path = ContentView.swift; sourceTree = "<group>"; };
		FF994F822C9B55E30027A6D3 /* Assets.xcassets */ = {isa = PBXFileReference; lastKnownFileType = folder.assetcatalog; path = Assets.xcassets; sourceTree = "<group>"; };
		FF994F852C9B55E30027A6D3 /* Preview Assets.xcassets */ = {isa = PBXFileReference; lastKnownFileType = folder.assetcatalog; path = "Preview Assets.xcassets"; sourceTree = "<group>"; };
		FF994F8B2C9B55E30027A6D3 /* BuildingSurveyTests.xctest */ = {isa = PBXFileReference; explicitFileType = wrapper.cfbundle; includeInIndex = 0; path = BuildingSurveyTests.xctest; sourceTree = BUILT_PRODUCTS_DIR; };
		FF994F8F2C9B55E30027A6D3 /* BuildingSurveyTests.swift */ = {isa = PBXFileReference; lastKnownFileType = sourcecode.swift; path = BuildingSurveyTests.swift; sourceTree = "<group>"; };
		FF994F952C9B55E30027A6D3 /* BuildingSurveyUITests.xctest */ = {isa = PBXFileReference; explicitFileType = wrapper.cfbundle; includeInIndex = 0; path = BuildingSurveyUITests.xctest; sourceTree = BUILT_PRODUCTS_DIR; };
		FF994F992C9B55E30027A6D3 /* BuildingSurveyUITests.swift */ = {isa = PBXFileReference; lastKnownFileType = sourcecode.swift; path = BuildingSurveyUITests.swift; sourceTree = "<group>"; };
		FF994F9B2C9B55E30027A6D3 /* BuildingSurveyUITestsLaunchTests.swift */ = {isa = PBXFileReference; lastKnownFileType = sourcecode.swift; path = BuildingSurveyUITestsLaunchTests.swift; sourceTree = "<group>"; };
		FF994FA82CAAF8D70027A6D3 /* LoginView.swift */ = {isa = PBXFileReference; lastKnownFileType = sourcecode.swift; path = LoginView.swift; sourceTree = "<group>"; };
		FF994FAA2CAAF9B70027A6D3 /* ProjectListView.swift */ = {isa = PBXFileReference; lastKnownFileType = sourcecode.swift; path = ProjectListView.swift; sourceTree = "<group>"; };
		FF994FAC2CAAF9DF0027A6D3 /* CreateProjectView.swift */ = {isa = PBXFileReference; lastKnownFileType = sourcecode.swift; path = CreateProjectView.swift; sourceTree = "<group>"; };
		FF994FAE2CAAFA140027A6D3 /* ProjectListViewModel.swift */ = {isa = PBXFileReference; lastKnownFileType = sourcecode.swift; path = ProjectListViewModel.swift; sourceTree = "<group>"; };
		FF994FB02CAAFA380027A6D3 /* CreateProjectViewModel.swift */ = {isa = PBXFileReference; lastKnownFileType = sourcecode.swift; path = CreateProjectViewModel.swift; sourceTree = "<group>"; };
		FF994FB22CAAFA5F0027A6D3 /* Project.swift */ = {isa = PBXFileReference; lastKnownFileType = sourcecode.swift; path = Project.swift; sourceTree = "<group>"; };
		FFCC17D52D58F62300BF061B /* DrawingListView.swift */ = {isa = PBXFileReference; lastKnownFileType = sourcecode.swift; path = DrawingListView.swift; sourceTree = "<group>"; };
		FFCC17D72D58F63900BF061B /* DrawingListViewModel.swift */ = {isa = PBXFileReference; lastKnownFileType = sourcecode.swift; path = DrawingListViewModel.swift; sourceTree = "<group>"; };
		FFCC17D92D59108900BF061B /* AddDrawingView.swift */ = {isa = PBXFileReference; lastKnownFileType = sourcecode.swift; path = AddDrawingView.swift; sourceTree = "<group>"; };
		FFCC17DB2D59127F00BF061B /* AddDrawingViewModel.swift */ = {isa = PBXFileReference; lastKnownFileType = sourcecode.swift; path = AddDrawingViewModel.swift; sourceTree = "<group>"; };
		FFCC17DD2D5916E900BF061B /* LoadPDF.swift */ = {isa = PBXFileReference; lastKnownFileType = sourcecode.swift; path = LoadPDF.swift; sourceTree = "<group>"; };
		FFCC17E52D60CD6F00BF061B /* Drawing.swift */ = {isa = PBXFileReference; lastKnownFileType = sourcecode.swift; path = Drawing.swift; sourceTree = "<group>"; };
		FFCC17E72D60CF5500BF061B /* DrawingEntity.swift */ = {isa = PBXFileReference; lastKnownFileType = sourcecode.swift; path = DrawingEntity.swift; sourceTree = "<group>"; };
		FFCC17E92D60D32500BF061B /* DrawingEntity+CoreDataProperties.swift */ = {isa = PBXFileReference; lastKnownFileType = sourcecode.swift; path = "DrawingEntity+CoreDataProperties.swift"; sourceTree = "<group>"; };
		FFCC17EF2D660DA700BF061B /* PDFViewer.swift */ = {isa = PBXFileReference; lastKnownFileType = sourcecode.swift; path = PDFViewer.swift; sourceTree = "<group>"; };
		FFFCDA5C2D68B79500681B3B /* DrawingViewModel.swift */ = {isa = PBXFileReference; lastKnownFileType = sourcecode.swift; path = DrawingViewModel.swift; sourceTree = "<group>"; };
		FFFCDA6A2D78C03400681B3B /* LineEntity+CoreDataProperties.swift */ = {isa = PBXFileReference; lastKnownFileType = sourcecode.swift; path = "LineEntity+CoreDataProperties.swift"; sourceTree = "<group>"; };
		FFFCDA6C2D78C08100681B3B /* LineEntity.swift */ = {isa = PBXFileReference; lastKnownFileType = sourcecode.swift; path = LineEntity.swift; sourceTree = "<group>"; };
		FFFCDA6E2D78C34500681B3B /* DrawingView.swift */ = {isa = PBXFileReference; lastKnownFileType = sourcecode.swift; path = DrawingView.swift; sourceTree = "<group>"; };
		FFFCDA702D78C6A900681B3B /* PDFViewController.swift */ = {isa = PBXFileReference; lastKnownFileType = sourcecode.swift; path = PDFViewController.swift; sourceTree = "<group>"; };
		FFFCDA722D78CFCD00681B3B /* Line.swift */ = {isa = PBXFileReference; lastKnownFileType = sourcecode.swift; path = Line.swift; sourceTree = "<group>"; };
		FFFCDA762D7B3D6800681B3B /* PhotoEntity.swift */ = {isa = PBXFileReference; lastKnownFileType = sourcecode.swift; path = PhotoEntity.swift; sourceTree = "<group>"; };
/* End PBXFileReference section */

/* Begin PBXFrameworksBuildPhase section */
		FF994F782C9B55E10027A6D3 /* Frameworks */ = {
			isa = PBXFrameworksBuildPhase;
			buildActionMask = 2147483647;
			files = (
			);
			runOnlyForDeploymentPostprocessing = 0;
		};
		FF994F882C9B55E30027A6D3 /* Frameworks */ = {
			isa = PBXFrameworksBuildPhase;
			buildActionMask = 2147483647;
			files = (
			);
			runOnlyForDeploymentPostprocessing = 0;
		};
		FF994F922C9B55E30027A6D3 /* Frameworks */ = {
			isa = PBXFrameworksBuildPhase;
			buildActionMask = 2147483647;
			files = (
			);
			runOnlyForDeploymentPostprocessing = 0;
		};
/* End PBXFrameworksBuildPhase section */

/* Begin PBXGroup section */
		FF105B852CBEF731007E9C1E /* Repositories */ = {
			isa = PBXGroup;
			children = (
				FF105B862CBEF780007E9C1E /* GeneralRepository.swift */,
			);
			path = Repositories;
			sourceTree = "<group>";
		};
		FF83513C2D5654BA002E64D2 /* bd */ = {
			isa = PBXGroup;
			children = (
				FF8351392D5654AB002E64D2 /* ProjectModel.xcdatamodeld */,
				FF83513D2D5655BE002E64D2 /* CoreDataManager.swift */,
				FF83513F2D565908002E64D2 /* ProjectEntity.swift */,
				FF8351412D56596E002E64D2 /* ProjectEntity+CoreDataProperties.swift */,
				FFCC17E72D60CF5500BF061B /* DrawingEntity.swift */,
				FFCC17E92D60D32500BF061B /* DrawingEntity+CoreDataProperties.swift */,
				FFFCDA6C2D78C08100681B3B /* LineEntity.swift */,
				FFFCDA6A2D78C03400681B3B /* LineEntity+CoreDataProperties.swift */,
				FFFCDA762D7B3D6800681B3B /* PhotoEntity.swift */,
				FF86A1992D8430C800FB9FD6 /* PolylineEntity.swift */,
				FF86A1972D81CC9C00FB9FD6 /* PointEntity.swift */,
				FF86A19B2D843E1500FB9FD6 /* TextEntity.swift */,
				FF86A19D2D849C7000FB9FD6 /* LayerEntity.swift */,
				FF2BE6F32D8A179300ED8FB4 /* RectangleEntity.swift */,
			);
			path = bd;
			sourceTree = "<group>";
		};
		FF994F722C9B55E10027A6D3 = {
			isa = PBXGroup;
			children = (
				FF994F7D2C9B55E10027A6D3 /* BuildingSurvey */,
				FF994F8E2C9B55E30027A6D3 /* BuildingSurveyTests */,
				FF994F982C9B55E30027A6D3 /* BuildingSurveyUITests */,
				FF994F7C2C9B55E10027A6D3 /* Products */,
			);
			sourceTree = "<group>";
		};
		FF994F7C2C9B55E10027A6D3 /* Products */ = {
			isa = PBXGroup;
			children = (
				FF994F7B2C9B55E10027A6D3 /* BuildingSurvey.app */,
				FF994F8B2C9B55E30027A6D3 /* BuildingSurveyTests.xctest */,
				FF994F952C9B55E30027A6D3 /* BuildingSurveyUITests.xctest */,
			);
			name = Products;
			sourceTree = "<group>";
		};
		FF994F7D2C9B55E10027A6D3 /* BuildingSurvey */ = {
			isa = PBXGroup;
			children = (
				FF8351382D4F9D51002E64D2 /* Info.plist */,
				FF994F7E2C9B55E10027A6D3 /* BuildingSurveyApp.swift */,
				FF994F802C9B55E10027A6D3 /* ContentView.swift */,
				FF994F822C9B55E30027A6D3 /* Assets.xcassets */,
				FF994F842C9B55E30027A6D3 /* Preview Content */,
				FF83513C2D5654BA002E64D2 /* bd */,
				FF105B852CBEF731007E9C1E /* Repositories */,
				FFCC17E32D60CB2800BF061B /* Login */,
				FFCC17DF2D60CA7E00BF061B /* ProjectList */,
				FFCC17E02D60CAAC00BF061B /* CreateProject */,
				FFCC17E12D60CACC00BF061B /* DrawingList */,
				FFCC17E22D60CAE300BF061B /* AddDrawing */,
				FFCC17E42D60CB9300BF061B /* LoadFiles */,
				FFFCDA5B2D68B75000681B3B /* Drawing */,
				FF994FB22CAAFA5F0027A6D3 /* Project.swift */,
				FFFCDA722D78CFCD00681B3B /* Line.swift */,
				FFCC17E52D60CD6F00BF061B /* Drawing.swift */,
			);
			path = BuildingSurvey;
			sourceTree = "<group>";
		};
		FF994F842C9B55E30027A6D3 /* Preview Content */ = {
			isa = PBXGroup;
			children = (
				FF994F852C9B55E30027A6D3 /* Preview Assets.xcassets */,
			);
			path = "Preview Content";
			sourceTree = "<group>";
		};
		FF994F8E2C9B55E30027A6D3 /* BuildingSurveyTests */ = {
			isa = PBXGroup;
			children = (
				FF994F8F2C9B55E30027A6D3 /* BuildingSurveyTests.swift */,
			);
			path = BuildingSurveyTests;
			sourceTree = "<group>";
		};
		FF994F982C9B55E30027A6D3 /* BuildingSurveyUITests */ = {
			isa = PBXGroup;
			children = (
				FF994F992C9B55E30027A6D3 /* BuildingSurveyUITests.swift */,
				FF994F9B2C9B55E30027A6D3 /* BuildingSurveyUITestsLaunchTests.swift */,
			);
			path = BuildingSurveyUITests;
			sourceTree = "<group>";
		};
		FFCC17DF2D60CA7E00BF061B /* ProjectList */ = {
			isa = PBXGroup;
			children = (
				FF994FAA2CAAF9B70027A6D3 /* ProjectListView.swift */,
				FF994FAE2CAAFA140027A6D3 /* ProjectListViewModel.swift */,
			);
			path = ProjectList;
			sourceTree = "<group>";
		};
		FFCC17E02D60CAAC00BF061B /* CreateProject */ = {
			isa = PBXGroup;
			children = (
				FF994FAC2CAAF9DF0027A6D3 /* CreateProjectView.swift */,
				FF994FB02CAAFA380027A6D3 /* CreateProjectViewModel.swift */,
			);
			path = CreateProject;
			sourceTree = "<group>";
		};
		FFCC17E12D60CACC00BF061B /* DrawingList */ = {
			isa = PBXGroup;
			children = (
				FFCC17D52D58F62300BF061B /* DrawingListView.swift */,
				FFCC17D72D58F63900BF061B /* DrawingListViewModel.swift */,
			);
			path = DrawingList;
			sourceTree = "<group>";
		};
		FFCC17E22D60CAE300BF061B /* AddDrawing */ = {
			isa = PBXGroup;
			children = (
				FFCC17D92D59108900BF061B /* AddDrawingView.swift */,
				FFCC17DB2D59127F00BF061B /* AddDrawingViewModel.swift */,
			);
			path = AddDrawing;
			sourceTree = "<group>";
		};
		FFCC17E32D60CB2800BF061B /* Login */ = {
			isa = PBXGroup;
			children = (
				FF994FA82CAAF8D70027A6D3 /* LoginView.swift */,
			);
			path = Login;
			sourceTree = "<group>";
		};
		FFCC17E42D60CB9300BF061B /* LoadFiles */ = {
			isa = PBXGroup;
			children = (
				FFCC17DD2D5916E900BF061B /* LoadPDF.swift */,
				FF83512E2D4F7839002E64D2 /* LoadFile.swift */,
				FF8351302D4F78B0002E64D2 /* TakePhoto.swift */,
				FF83512C2D4F77FB002E64D2 /* PhotoLoader.swift */,
			);
			path = LoadFiles;
			sourceTree = "<group>";
		};
		FFFCDA5B2D68B75000681B3B /* Drawing */ = {
			isa = PBXGroup;
			children = (
				FFCC17EF2D660DA700BF061B /* PDFViewer.swift */,
				FFFCDA5C2D68B79500681B3B /* DrawingViewModel.swift */,
				FFFCDA702D78C6A900681B3B /* PDFViewController.swift */,
				FFFCDA6E2D78C34500681B3B /* DrawingView.swift */,
				FF86A19F2D84ACFD00FB9FD6 /* AddLayerViewController.swift */,
			);
			path = Drawing;
			sourceTree = "<group>";
		};
/* End PBXGroup section */

/* Begin PBXNativeTarget section */
		FF994F7A2C9B55E10027A6D3 /* BuildingSurvey */ = {
			isa = PBXNativeTarget;
			buildConfigurationList = FF994F9F2C9B55E30027A6D3 /* Build configuration list for PBXNativeTarget "BuildingSurvey" */;
			buildPhases = (
				FF994F772C9B55E10027A6D3 /* Sources */,
				FF994F782C9B55E10027A6D3 /* Frameworks */,
				FF994F792C9B55E10027A6D3 /* Resources */,
			);
			buildRules = (
			);
			dependencies = (
			);
			name = BuildingSurvey;
			productName = BuildingSurvey;
			productReference = FF994F7B2C9B55E10027A6D3 /* BuildingSurvey.app */;
			productType = "com.apple.product-type.application";
		};
		FF994F8A2C9B55E30027A6D3 /* BuildingSurveyTests */ = {
			isa = PBXNativeTarget;
			buildConfigurationList = FF994FA22C9B55E30027A6D3 /* Build configuration list for PBXNativeTarget "BuildingSurveyTests" */;
			buildPhases = (
				FF994F872C9B55E30027A6D3 /* Sources */,
				FF994F882C9B55E30027A6D3 /* Frameworks */,
				FF994F892C9B55E30027A6D3 /* Resources */,
			);
			buildRules = (
			);
			dependencies = (
				FF994F8D2C9B55E30027A6D3 /* PBXTargetDependency */,
			);
			name = BuildingSurveyTests;
			productName = BuildingSurveyTests;
			productReference = FF994F8B2C9B55E30027A6D3 /* BuildingSurveyTests.xctest */;
			productType = "com.apple.product-type.bundle.unit-test";
		};
		FF994F942C9B55E30027A6D3 /* BuildingSurveyUITests */ = {
			isa = PBXNativeTarget;
			buildConfigurationList = FF994FA52C9B55E30027A6D3 /* Build configuration list for PBXNativeTarget "BuildingSurveyUITests" */;
			buildPhases = (
				FF994F912C9B55E30027A6D3 /* Sources */,
				FF994F922C9B55E30027A6D3 /* Frameworks */,
				FF994F932C9B55E30027A6D3 /* Resources */,
			);
			buildRules = (
			);
			dependencies = (
				FF994F972C9B55E30027A6D3 /* PBXTargetDependency */,
			);
			name = BuildingSurveyUITests;
			productName = BuildingSurveyUITests;
			productReference = FF994F952C9B55E30027A6D3 /* BuildingSurveyUITests.xctest */;
			productType = "com.apple.product-type.bundle.ui-testing";
		};
/* End PBXNativeTarget section */

/* Begin PBXProject section */
		FF994F732C9B55E10027A6D3 /* Project object */ = {
			isa = PBXProject;
			attributes = {
				BuildIndependentTargetsInParallel = 1;
				LastSwiftUpdateCheck = 1540;
				LastUpgradeCheck = 1540;
				TargetAttributes = {
					FF994F7A2C9B55E10027A6D3 = {
						CreatedOnToolsVersion = 15.4;
					};
					FF994F8A2C9B55E30027A6D3 = {
						CreatedOnToolsVersion = 15.4;
						TestTargetID = FF994F7A2C9B55E10027A6D3;
					};
					FF994F942C9B55E30027A6D3 = {
						CreatedOnToolsVersion = 15.4;
						TestTargetID = FF994F7A2C9B55E10027A6D3;
					};
				};
			};
			buildConfigurationList = FF994F762C9B55E10027A6D3 /* Build configuration list for PBXProject "BuildingSurvey" */;
			compatibilityVersion = "Xcode 14.0";
			developmentRegion = en;
			hasScannedForEncodings = 0;
			knownRegions = (
				en,
				Base,
			);
			mainGroup = FF994F722C9B55E10027A6D3;
			productRefGroup = FF994F7C2C9B55E10027A6D3 /* Products */;
			projectDirPath = "";
			projectRoot = "";
			targets = (
				FF994F7A2C9B55E10027A6D3 /* BuildingSurvey */,
				FF994F8A2C9B55E30027A6D3 /* BuildingSurveyTests */,
				FF994F942C9B55E30027A6D3 /* BuildingSurveyUITests */,
			);
		};
/* End PBXProject section */

/* Begin PBXResourcesBuildPhase section */
		FF994F792C9B55E10027A6D3 /* Resources */ = {
			isa = PBXResourcesBuildPhase;
			buildActionMask = 2147483647;
			files = (
				FF994F862C9B55E30027A6D3 /* Preview Assets.xcassets in Resources */,
				FF994F832C9B55E30027A6D3 /* Assets.xcassets in Resources */,
			);
			runOnlyForDeploymentPostprocessing = 0;
		};
		FF994F892C9B55E30027A6D3 /* Resources */ = {
			isa = PBXResourcesBuildPhase;
			buildActionMask = 2147483647;
			files = (
			);
			runOnlyForDeploymentPostprocessing = 0;
		};
		FF994F932C9B55E30027A6D3 /* Resources */ = {
			isa = PBXResourcesBuildPhase;
			buildActionMask = 2147483647;
			files = (
			);
			runOnlyForDeploymentPostprocessing = 0;
		};
/* End PBXResourcesBuildPhase section */

/* Begin PBXSourcesBuildPhase section */
		FF994F772C9B55E10027A6D3 /* Sources */ = {
			isa = PBXSourcesBuildPhase;
			buildActionMask = 2147483647;
			files = (
				FFCC17EA2D60D32500BF061B /* DrawingEntity+CoreDataProperties.swift in Sources */,
				FF86A19C2D843E1600FB9FD6 /* TextEntity.swift in Sources */,
				FF8351422D56596E002E64D2 /* ProjectEntity+CoreDataProperties.swift in Sources */,
				FFFCDA6D2D78C08100681B3B /* LineEntity.swift in Sources */,
				FF8351402D565908002E64D2 /* ProjectEntity.swift in Sources */,
				FFFCDA6F2D78C34500681B3B /* DrawingView.swift in Sources */,
				FF83513B2D5654AB002E64D2 /* ProjectModel.xcdatamodeld in Sources */,
				FF86A19A2D8430C800FB9FD6 /* PolylineEntity.swift in Sources */,
				FF105B872CBEF780007E9C1E /* GeneralRepository.swift in Sources */,
				FFCC17DA2D59108900BF061B /* AddDrawingView.swift in Sources */,
				FF86A19E2D849C7000FB9FD6 /* LayerEntity.swift in Sources */,
				FFCC17E82D60CF5500BF061B /* DrawingEntity.swift in Sources */,
				FF86A1A02D84ACFD00FB9FD6 /* AddLayerViewController.swift in Sources */,
				FF8351312D4F78B0002E64D2 /* TakePhoto.swift in Sources */,
				FFFCDA712D78C6A900681B3B /* PDFViewController.swift in Sources */,
				FFCC17F02D660DA700BF061B /* PDFViewer.swift in Sources */,
				FF994FA92CAAF8D70027A6D3 /* LoginView.swift in Sources */,
				FFCC17D62D58F62300BF061B /* DrawingListView.swift in Sources */,
				FF994FB12CAAFA380027A6D3 /* CreateProjectViewModel.swift in Sources */,
				FFCC17DC2D59127F00BF061B /* AddDrawingViewModel.swift in Sources */,
				FFFCDA5D2D68B79500681B3B /* DrawingViewModel.swift in Sources */,
				FFCC17E62D60CD6F00BF061B /* Drawing.swift in Sources */,
				FFFCDA6B2D78C03400681B3B /* LineEntity+CoreDataProperties.swift in Sources */,
				FFFCDA772D7B3D6800681B3B /* PhotoEntity.swift in Sources */,
				FF83512D2D4F77FB002E64D2 /* PhotoLoader.swift in Sources */,
				FFCC17D82D58F63900BF061B /* DrawingListViewModel.swift in Sources */,
				FF2BE6F42D8A179300ED8FB4 /* RectangleEntity.swift in Sources */,
				FFFCDA732D78CFCD00681B3B /* Line.swift in Sources */,
				FF83513E2D5655BE002E64D2 /* CoreDataManager.swift in Sources */,
				FF86A1982D81CC9C00FB9FD6 /* PointEntity.swift in Sources */,
				FFCC17DE2D5916E900BF061B /* LoadPDF.swift in Sources */,
				FF994FAD2CAAF9DF0027A6D3 /* CreateProjectView.swift in Sources */,
				FF994F812C9B55E10027A6D3 /* ContentView.swift in Sources */,
				FF994FAB2CAAF9B70027A6D3 /* ProjectListView.swift in Sources */,
				FF83512F2D4F7839002E64D2 /* LoadFile.swift in Sources */,
				FF994FAF2CAAFA140027A6D3 /* ProjectListViewModel.swift in Sources */,
				FF994F7F2C9B55E10027A6D3 /* BuildingSurveyApp.swift in Sources */,
				FF994FB32CAAFA5F0027A6D3 /* Project.swift in Sources */,
			);
			runOnlyForDeploymentPostprocessing = 0;
		};
		FF994F872C9B55E30027A6D3 /* Sources */ = {
			isa = PBXSourcesBuildPhase;
			buildActionMask = 2147483647;
			files = (
				FF994F902C9B55E30027A6D3 /* BuildingSurveyTests.swift in Sources */,
			);
			runOnlyForDeploymentPostprocessing = 0;
		};
		FF994F912C9B55E30027A6D3 /* Sources */ = {
			isa = PBXSourcesBuildPhase;
			buildActionMask = 2147483647;
			files = (
				FF994F9C2C9B55E30027A6D3 /* BuildingSurveyUITestsLaunchTests.swift in Sources */,
				FF994F9A2C9B55E30027A6D3 /* BuildingSurveyUITests.swift in Sources */,
			);
			runOnlyForDeploymentPostprocessing = 0;
		};
/* End PBXSourcesBuildPhase section */

/* Begin PBXTargetDependency section */
		FF994F8D2C9B55E30027A6D3 /* PBXTargetDependency */ = {
			isa = PBXTargetDependency;
			target = FF994F7A2C9B55E10027A6D3 /* BuildingSurvey */;
			targetProxy = FF994F8C2C9B55E30027A6D3 /* PBXContainerItemProxy */;
		};
		FF994F972C9B55E30027A6D3 /* PBXTargetDependency */ = {
			isa = PBXTargetDependency;
			target = FF994F7A2C9B55E10027A6D3 /* BuildingSurvey */;
			targetProxy = FF994F962C9B55E30027A6D3 /* PBXContainerItemProxy */;
		};
/* End PBXTargetDependency section */

/* Begin XCBuildConfiguration section */
		FF994F9D2C9B55E30027A6D3 /* Debug */ = {
			isa = XCBuildConfiguration;
			buildSettings = {
				ALWAYS_SEARCH_USER_PATHS = NO;
				ASSETCATALOG_COMPILER_GENERATE_SWIFT_ASSET_SYMBOL_EXTENSIONS = YES;
				CLANG_ANALYZER_NONNULL = YES;
				CLANG_ANALYZER_NUMBER_OBJECT_CONVERSION = YES_AGGRESSIVE;
				CLANG_CXX_LANGUAGE_STANDARD = "gnu++20";
				CLANG_ENABLE_MODULES = YES;
				CLANG_ENABLE_OBJC_ARC = YES;
				CLANG_ENABLE_OBJC_WEAK = YES;
				CLANG_WARN_BLOCK_CAPTURE_AUTORELEASING = YES;
				CLANG_WARN_BOOL_CONVERSION = YES;
				CLANG_WARN_COMMA = YES;
				CLANG_WARN_CONSTANT_CONVERSION = YES;
				CLANG_WARN_DEPRECATED_OBJC_IMPLEMENTATIONS = YES;
				CLANG_WARN_DIRECT_OBJC_ISA_USAGE = YES_ERROR;
				CLANG_WARN_DOCUMENTATION_COMMENTS = YES;
				CLANG_WARN_EMPTY_BODY = YES;
				CLANG_WARN_ENUM_CONVERSION = YES;
				CLANG_WARN_INFINITE_RECURSION = YES;
				CLANG_WARN_INT_CONVERSION = YES;
				CLANG_WARN_NON_LITERAL_NULL_CONVERSION = YES;
				CLANG_WARN_OBJC_IMPLICIT_RETAIN_SELF = YES;
				CLANG_WARN_OBJC_LITERAL_CONVERSION = YES;
				CLANG_WARN_OBJC_ROOT_CLASS = YES_ERROR;
				CLANG_WARN_QUOTED_INCLUDE_IN_FRAMEWORK_HEADER = YES;
				CLANG_WARN_RANGE_LOOP_ANALYSIS = YES;
				CLANG_WARN_STRICT_PROTOTYPES = YES;
				CLANG_WARN_SUSPICIOUS_MOVE = YES;
				CLANG_WARN_UNGUARDED_AVAILABILITY = YES_AGGRESSIVE;
				CLANG_WARN_UNREACHABLE_CODE = YES;
				CLANG_WARN__DUPLICATE_METHOD_MATCH = YES;
				COPY_PHASE_STRIP = NO;
				DEBUG_INFORMATION_FORMAT = dwarf;
				ENABLE_STRICT_OBJC_MSGSEND = YES;
				ENABLE_TESTABILITY = YES;
				ENABLE_USER_SCRIPT_SANDBOXING = YES;
				GCC_C_LANGUAGE_STANDARD = gnu17;
				GCC_DYNAMIC_NO_PIC = NO;
				GCC_NO_COMMON_BLOCKS = YES;
				GCC_OPTIMIZATION_LEVEL = 0;
				GCC_PREPROCESSOR_DEFINITIONS = (
					"DEBUG=1",
					"$(inherited)",
				);
				GCC_WARN_64_TO_32_BIT_CONVERSION = YES;
				GCC_WARN_ABOUT_RETURN_TYPE = YES_ERROR;
				GCC_WARN_UNDECLARED_SELECTOR = YES;
				GCC_WARN_UNINITIALIZED_AUTOS = YES_AGGRESSIVE;
				GCC_WARN_UNUSED_FUNCTION = YES;
				GCC_WARN_UNUSED_VARIABLE = YES;
				IPHONEOS_DEPLOYMENT_TARGET = 17.5;
				LOCALIZATION_PREFERS_STRING_CATALOGS = YES;
				MTL_ENABLE_DEBUG_INFO = INCLUDE_SOURCE;
				MTL_FAST_MATH = YES;
				ONLY_ACTIVE_ARCH = YES;
				SDKROOT = iphoneos;
				SWIFT_ACTIVE_COMPILATION_CONDITIONS = "DEBUG $(inherited)";
				SWIFT_OPTIMIZATION_LEVEL = "-Onone";
			};
			name = Debug;
		};
		FF994F9E2C9B55E30027A6D3 /* Release */ = {
			isa = XCBuildConfiguration;
			buildSettings = {
				ALWAYS_SEARCH_USER_PATHS = NO;
				ASSETCATALOG_COMPILER_GENERATE_SWIFT_ASSET_SYMBOL_EXTENSIONS = YES;
				CLANG_ANALYZER_NONNULL = YES;
				CLANG_ANALYZER_NUMBER_OBJECT_CONVERSION = YES_AGGRESSIVE;
				CLANG_CXX_LANGUAGE_STANDARD = "gnu++20";
				CLANG_ENABLE_MODULES = YES;
				CLANG_ENABLE_OBJC_ARC = YES;
				CLANG_ENABLE_OBJC_WEAK = YES;
				CLANG_WARN_BLOCK_CAPTURE_AUTORELEASING = YES;
				CLANG_WARN_BOOL_CONVERSION = YES;
				CLANG_WARN_COMMA = YES;
				CLANG_WARN_CONSTANT_CONVERSION = YES;
				CLANG_WARN_DEPRECATED_OBJC_IMPLEMENTATIONS = YES;
				CLANG_WARN_DIRECT_OBJC_ISA_USAGE = YES_ERROR;
				CLANG_WARN_DOCUMENTATION_COMMENTS = YES;
				CLANG_WARN_EMPTY_BODY = YES;
				CLANG_WARN_ENUM_CONVERSION = YES;
				CLANG_WARN_INFINITE_RECURSION = YES;
				CLANG_WARN_INT_CONVERSION = YES;
				CLANG_WARN_NON_LITERAL_NULL_CONVERSION = YES;
				CLANG_WARN_OBJC_IMPLICIT_RETAIN_SELF = YES;
				CLANG_WARN_OBJC_LITERAL_CONVERSION = YES;
				CLANG_WARN_OBJC_ROOT_CLASS = YES_ERROR;
				CLANG_WARN_QUOTED_INCLUDE_IN_FRAMEWORK_HEADER = YES;
				CLANG_WARN_RANGE_LOOP_ANALYSIS = YES;
				CLANG_WARN_STRICT_PROTOTYPES = YES;
				CLANG_WARN_SUSPICIOUS_MOVE = YES;
				CLANG_WARN_UNGUARDED_AVAILABILITY = YES_AGGRESSIVE;
				CLANG_WARN_UNREACHABLE_CODE = YES;
				CLANG_WARN__DUPLICATE_METHOD_MATCH = YES;
				COPY_PHASE_STRIP = NO;
				DEBUG_INFORMATION_FORMAT = "dwarf-with-dsym";
				ENABLE_NS_ASSERTIONS = NO;
				ENABLE_STRICT_OBJC_MSGSEND = YES;
				ENABLE_USER_SCRIPT_SANDBOXING = YES;
				GCC_C_LANGUAGE_STANDARD = gnu17;
				GCC_NO_COMMON_BLOCKS = YES;
				GCC_WARN_64_TO_32_BIT_CONVERSION = YES;
				GCC_WARN_ABOUT_RETURN_TYPE = YES_ERROR;
				GCC_WARN_UNDECLARED_SELECTOR = YES;
				GCC_WARN_UNINITIALIZED_AUTOS = YES_AGGRESSIVE;
				GCC_WARN_UNUSED_FUNCTION = YES;
				GCC_WARN_UNUSED_VARIABLE = YES;
				IPHONEOS_DEPLOYMENT_TARGET = 17.5;
				LOCALIZATION_PREFERS_STRING_CATALOGS = YES;
				MTL_ENABLE_DEBUG_INFO = NO;
				MTL_FAST_MATH = YES;
				SDKROOT = iphoneos;
				SWIFT_COMPILATION_MODE = wholemodule;
				VALIDATE_PRODUCT = YES;
			};
			name = Release;
		};
		FF994FA02C9B55E30027A6D3 /* Debug */ = {
			isa = XCBuildConfiguration;
			buildSettings = {
				ASSETCATALOG_COMPILER_APPICON_NAME = AppIcon;
				ASSETCATALOG_COMPILER_GLOBAL_ACCENT_COLOR_NAME = AccentColor;
				ASSETCATALOG_COMPILER_INCLUDE_ALL_APPICON_ASSETS = YES;
				CODE_SIGN_STYLE = Automatic;
				CURRENT_PROJECT_VERSION = 1;
				DEVELOPMENT_ASSET_PATHS = "\"BuildingSurvey/Preview Content\"";
				DEVELOPMENT_TEAM = XY4YH2JXZC;
				ENABLE_PREVIEWS = YES;
				GENERATE_INFOPLIST_FILE = YES;
				INFOPLIST_FILE = BuildingSurvey/Info.plist;
				INFOPLIST_KEY_LSSupportsOpeningDocumentsInPlace = YES;
				INFOPLIST_KEY_NSCameraUsageDescription = "Это приложение использует камеру для захвата фотографий.";
				INFOPLIST_KEY_NSPhotoLibraryUsageDescription = "Это приложение использует files для захвата фотографий.";
				INFOPLIST_KEY_UIApplicationSupportsIndirectInputEvents = YES;
				INFOPLIST_KEY_UILaunchScreen_Generation = YES;
				INFOPLIST_KEY_UILaunchStoryboardName = Subtract;
				INFOPLIST_KEY_UISupportedInterfaceOrientations_iPad = "UIInterfaceOrientationPortrait UIInterfaceOrientationPortraitUpsideDown UIInterfaceOrientationLandscapeLeft UIInterfaceOrientationLandscapeRight";
				INFOPLIST_KEY_UISupportedInterfaceOrientations_iPhone = "UIInterfaceOrientationPortrait UIInterfaceOrientationLandscapeLeft UIInterfaceOrientationLandscapeRight";
				INFOPLIST_KEY_UISupportsDocumentBrowser = YES;
				LD_RUNPATH_SEARCH_PATHS = (
					"$(inherited)",
					"@executable_path/Frameworks",
				);
				MARKETING_VERSION = 1.0;
				PRODUCT_BUNDLE_IDENTIFIER = com.vloadka.BuildingSurvey;
				PRODUCT_NAME = "$(TARGET_NAME)";
				SWIFT_EMIT_LOC_STRINGS = YES;
				SWIFT_VERSION = 5.0;
				TARGETED_DEVICE_FAMILY = "1,2";
			};
			name = Debug;
		};
		FF994FA12C9B55E30027A6D3 /* Release */ = {
			isa = XCBuildConfiguration;
			buildSettings = {
				ASSETCATALOG_COMPILER_APPICON_NAME = AppIcon;
				ASSETCATALOG_COMPILER_GLOBAL_ACCENT_COLOR_NAME = AccentColor;
				ASSETCATALOG_COMPILER_INCLUDE_ALL_APPICON_ASSETS = YES;
				CODE_SIGN_STYLE = Automatic;
				CURRENT_PROJECT_VERSION = 1;
				DEVELOPMENT_ASSET_PATHS = "\"BuildingSurvey/Preview Content\"";
				DEVELOPMENT_TEAM = XY4YH2JXZC;
				ENABLE_PREVIEWS = YES;
				GENERATE_INFOPLIST_FILE = YES;
				INFOPLIST_FILE = BuildingSurvey/Info.plist;
				INFOPLIST_KEY_LSSupportsOpeningDocumentsInPlace = YES;
				INFOPLIST_KEY_NSCameraUsageDescription = "Это приложение использует камеру для захвата фотографий.";
				INFOPLIST_KEY_NSPhotoLibraryUsageDescription = "Это приложение использует files для захвата фотографий.";
				INFOPLIST_KEY_UIApplicationSupportsIndirectInputEvents = YES;
				INFOPLIST_KEY_UILaunchScreen_Generation = YES;
				INFOPLIST_KEY_UILaunchStoryboardName = Subtract;
				INFOPLIST_KEY_UISupportedInterfaceOrientations_iPad = "UIInterfaceOrientationPortrait UIInterfaceOrientationPortraitUpsideDown UIInterfaceOrientationLandscapeLeft UIInterfaceOrientationLandscapeRight";
				INFOPLIST_KEY_UISupportedInterfaceOrientations_iPhone = "UIInterfaceOrientationPortrait UIInterfaceOrientationLandscapeLeft UIInterfaceOrientationLandscapeRight";
				INFOPLIST_KEY_UISupportsDocumentBrowser = YES;
				LD_RUNPATH_SEARCH_PATHS = (
					"$(inherited)",
					"@executable_path/Frameworks",
				);
				MARKETING_VERSION = 1.0;
				PRODUCT_BUNDLE_IDENTIFIER = com.vloadka.BuildingSurvey;
				PRODUCT_NAME = "$(TARGET_NAME)";
				SWIFT_EMIT_LOC_STRINGS = YES;
				SWIFT_VERSION = 5.0;
				TARGETED_DEVICE_FAMILY = "1,2";
			};
			name = Release;
		};
		FF994FA32C9B55E30027A6D3 /* Debug */ = {
			isa = XCBuildConfiguration;
			buildSettings = {
				ALWAYS_EMBED_SWIFT_STANDARD_LIBRARIES = YES;
				BUNDLE_LOADER = "$(TEST_HOST)";
				CODE_SIGN_STYLE = Automatic;
				CURRENT_PROJECT_VERSION = 1;
				DEVELOPMENT_TEAM = XY4YH2JXZC;
				GENERATE_INFOPLIST_FILE = YES;
				IPHONEOS_DEPLOYMENT_TARGET = 17.5;
				MARKETING_VERSION = 1.0;
				PRODUCT_BUNDLE_IDENTIFIER = com.vloadka.BuildingSurveyTests;
				PRODUCT_NAME = "$(TARGET_NAME)";
				SWIFT_EMIT_LOC_STRINGS = NO;
				SWIFT_VERSION = 5.0;
				TARGETED_DEVICE_FAMILY = "1,2";
				TEST_HOST = "$(BUILT_PRODUCTS_DIR)/BuildingSurvey.app/$(BUNDLE_EXECUTABLE_FOLDER_PATH)/BuildingSurvey";
			};
			name = Debug;
		};
		FF994FA42C9B55E30027A6D3 /* Release */ = {
			isa = XCBuildConfiguration;
			buildSettings = {
				ALWAYS_EMBED_SWIFT_STANDARD_LIBRARIES = YES;
				BUNDLE_LOADER = "$(TEST_HOST)";
				CODE_SIGN_STYLE = Automatic;
				CURRENT_PROJECT_VERSION = 1;
				DEVELOPMENT_TEAM = XY4YH2JXZC;
				GENERATE_INFOPLIST_FILE = YES;
				IPHONEOS_DEPLOYMENT_TARGET = 17.5;
				MARKETING_VERSION = 1.0;
				PRODUCT_BUNDLE_IDENTIFIER = com.vloadka.BuildingSurveyTests;
				PRODUCT_NAME = "$(TARGET_NAME)";
				SWIFT_EMIT_LOC_STRINGS = NO;
				SWIFT_VERSION = 5.0;
				TARGETED_DEVICE_FAMILY = "1,2";
				TEST_HOST = "$(BUILT_PRODUCTS_DIR)/BuildingSurvey.app/$(BUNDLE_EXECUTABLE_FOLDER_PATH)/BuildingSurvey";
			};
			name = Release;
		};
		FF994FA62C9B55E30027A6D3 /* Debug */ = {
			isa = XCBuildConfiguration;
			buildSettings = {
				ALWAYS_EMBED_SWIFT_STANDARD_LIBRARIES = YES;
				CODE_SIGN_STYLE = Automatic;
				CURRENT_PROJECT_VERSION = 1;
				DEVELOPMENT_TEAM = XY4YH2JXZC;
				GENERATE_INFOPLIST_FILE = YES;
				MARKETING_VERSION = 1.0;
				PRODUCT_BUNDLE_IDENTIFIER = com.vloadka.BuildingSurveyUITests;
				PRODUCT_NAME = "$(TARGET_NAME)";
				SWIFT_EMIT_LOC_STRINGS = NO;
				SWIFT_VERSION = 5.0;
				TARGETED_DEVICE_FAMILY = "1,2";
				TEST_TARGET_NAME = BuildingSurvey;
			};
			name = Debug;
		};
		FF994FA72C9B55E30027A6D3 /* Release */ = {
			isa = XCBuildConfiguration;
			buildSettings = {
				ALWAYS_EMBED_SWIFT_STANDARD_LIBRARIES = YES;
				CODE_SIGN_STYLE = Automatic;
				CURRENT_PROJECT_VERSION = 1;
				DEVELOPMENT_TEAM = XY4YH2JXZC;
				GENERATE_INFOPLIST_FILE = YES;
				MARKETING_VERSION = 1.0;
				PRODUCT_BUNDLE_IDENTIFIER = com.vloadka.BuildingSurveyUITests;
				PRODUCT_NAME = "$(TARGET_NAME)";
				SWIFT_EMIT_LOC_STRINGS = NO;
				SWIFT_VERSION = 5.0;
				TARGETED_DEVICE_FAMILY = "1,2";
				TEST_TARGET_NAME = BuildingSurvey;
			};
			name = Release;
		};
/* End XCBuildConfiguration section */

/* Begin XCConfigurationList section */
		FF994F762C9B55E10027A6D3 /* Build configuration list for PBXProject "BuildingSurvey" */ = {
			isa = XCConfigurationList;
			buildConfigurations = (
				FF994F9D2C9B55E30027A6D3 /* Debug */,
				FF994F9E2C9B55E30027A6D3 /* Release */,
			);
			defaultConfigurationIsVisible = 0;
			defaultConfigurationName = Release;
		};
		FF994F9F2C9B55E30027A6D3 /* Build configuration list for PBXNativeTarget "BuildingSurvey" */ = {
			isa = XCConfigurationList;
			buildConfigurations = (
				FF994FA02C9B55E30027A6D3 /* Debug */,
				FF994FA12C9B55E30027A6D3 /* Release */,
			);
			defaultConfigurationIsVisible = 0;
			defaultConfigurationName = Release;
		};
		FF994FA22C9B55E30027A6D3 /* Build configuration list for PBXNativeTarget "BuildingSurveyTests" */ = {
			isa = XCConfigurationList;
			buildConfigurations = (
				FF994FA32C9B55E30027A6D3 /* Debug */,
				FF994FA42C9B55E30027A6D3 /* Release */,
			);
			defaultConfigurationIsVisible = 0;
			defaultConfigurationName = Release;
		};
		FF994FA52C9B55E30027A6D3 /* Build configuration list for PBXNativeTarget "BuildingSurveyUITests" */ = {
			isa = XCConfigurationList;
			buildConfigurations = (
				FF994FA62C9B55E30027A6D3 /* Debug */,
				FF994FA72C9B55E30027A6D3 /* Release */,
			);
			defaultConfigurationIsVisible = 0;
			defaultConfigurationName = Release;
		};
/* End XCConfigurationList section */

/* Begin XCVersionGroup section */
		FF8351392D5654AB002E64D2 /* ProjectModel.xcdatamodeld */ = {
			isa = XCVersionGroup;
			children = (
				FF83513A2D5654AB002E64D2 /* ProjectModel.xcdatamodel */,
			);
			currentVersion = FF83513A2D5654AB002E64D2 /* ProjectModel.xcdatamodel */;
			path = ProjectModel.xcdatamodeld;
			sourceTree = "<group>";
			versionGroupType = wrapper.xcdatamodel;
		};
/* End XCVersionGroup section */
	};
	rootObject = FF994F732C9B55E10027A6D3 /* Project object */;
}
